
Microsoft Visual Studio Solution File, Format Version 12.00
# Visual Studio Version 16
VisualStudioVersion = 16.0.29001.49
MinimumVisualStudioVersion = 10.0.40219.1
Project("{9A19103F-16F7-4668-BE54-9A1E7A4F7556}") = "Zoo", "Zoo\Zoo.csproj", "{73B432E3-B54E-495B-A502-4E765B989EAF}"
EndProject
Project("{FAE04EC0-301F-11D3-BF4B-00C04F79EFBC}") = "ZooUnitTests", "ZooUnitTests\ZooUnitTests.csproj", "{C6E771E8-BD57-4052-A1E9-36DDC8D6A705}"
EndProject
Global
	GlobalSection(SolutionConfigurationPlatforms) = preSolution
		Debug|Any CPU = Debug|Any CPU
		Release|Any CPU = Release|Any CPU
	EndGlobalSection
	GlobalSection(ProjectConfigurationPlatforms) = postSolution
		{73B432E3-B54E-495B-A502-4E765B989EAF}.Debug|Any CPU.ActiveCfg = Debug|Any CPU
		{73B432E3-B54E-495B-A502-4E765B989EAF}.Debug|Any CPU.Build.0 = Debug|Any CPU
		{73B432E3-B54E-495B-A502-4E765B989EAF}.Release|Any CPU.ActiveCfg = Release|Any CPU
		{73B432E3-B54E-495B-A502-4E765B989EAF}.Release|Any CPU.Build.0 = Release|Any CPU
		{C6E771E8-BD57-4052-A1E9-36DDC8D6A705}.Debug|Any CPU.ActiveCfg = Debug|Any CPU
		{C6E771E8-BD57-4052-A1E9-36DDC8D6A705}.Debug|Any CPU.Build.0 = Debug|Any CPU
		{C6E771E8-BD57-4052-A1E9-36DDC8D6A705}.Release|Any CPU.ActiveCfg = Release|Any CPU
		{C6E771E8-BD57-4052-A1E9-36DDC8D6A705}.Release|Any CPU.Build.0 = Release|Any CPU
	EndGlobalSection
	GlobalSection(SolutionProperties) = preSolution
		HideSolutionNode = FALSE
	EndGlobalSection
	GlobalSection(ExtensibilityGlobals) = postSolution
		SolutionGuid = {93E722AC-898D-411C-BDFE-6BA9B2CD25F1}
	EndGlobalSection
EndGlobal
